// !$*UTF8*$!
{
	archiveVersion = 1;
	classes = {
	};
	objectVersion = 55;
	objects = {

/* Begin PBXBuildFile section */
		A901DB8327F1B6F1004CCBF5 /* main.cpp in Sources */ = {isa = PBXBuildFile; fileRef = A901DB8227F1B6F1004CCBF5 /* main.cpp */; };
		A901DB8B27F1B765004CCBF5 /* Bitmap.cpp in Sources */ = {isa = PBXBuildFile; fileRef = A901DB8927F1B765004CCBF5 /* Bitmap.cpp */; };
		A90F5F3727F3282F0096FCAA /* FileManager.cpp in Sources */ = {isa = PBXBuildFile; fileRef = A90F5F3527F3282F0096FCAA /* FileManager.cpp */; };
/* End PBXBuildFile section */

/* Begin PBXCopyFilesBuildPhase section */
		A901DB7D27F1B6F1004CCBF5 /* CopyFiles */ = {
			isa = PBXCopyFilesBuildPhase;
			buildActionMask = 2147483647;
			dstPath = /usr/share/man/man1/;
			dstSubfolderSpec = 0;
			files = (
			);
			runOnlyForDeploymentPostprocessing = 1;
		};
/* End PBXCopyFilesBuildPhase section */

/* Begin PBXFileReference section */
		A901DB7F27F1B6F1004CCBF5 /* Bitmapizer */ = {isa = PBXFileReference; explicitFileType = "compiled.mach-o.executable"; includeInIndex = 0; path = Bitmapizer; sourceTree = BUILT_PRODUCTS_DIR; };
		A901DB8227F1B6F1004CCBF5 /* main.cpp */ = {isa = PBXFileReference; lastKnownFileType = sourcecode.cpp.cpp; path = main.cpp; sourceTree = "<group>"; };
		A901DB8927F1B765004CCBF5 /* Bitmap.cpp */ = {isa = PBXFileReference; lastKnownFileType = sourcecode.cpp.cpp; path = Bitmap.cpp; sourceTree = "<group>"; };
		A901DB8A27F1B765004CCBF5 /* Bitmap.hpp */ = {isa = PBXFileReference; lastKnownFileType = sourcecode.cpp.h; path = Bitmap.hpp; sourceTree = "<group>"; };
		A90F5F3527F3282F0096FCAA /* FileManager.cpp */ = {isa = PBXFileReference; lastKnownFileType = sourcecode.cpp.cpp; path = FileManager.cpp; sourceTree = "<group>"; };
		A90F5F3627F3282F0096FCAA /* FileManager.hpp */ = {isa = PBXFileReference; lastKnownFileType = sourcecode.cpp.h; path = FileManager.hpp; sourceTree = "<group>"; };
		A910B88D280050B800A6EE72 /* functions.h */ = {isa = PBXFileReference; lastKnownFileType = sourcecode.c.h; path = functions.h; sourceTree = "<group>"; };
/* End PBXFileReference section */

/* Begin PBXFrameworksBuildPhase section */
		A901DB7C27F1B6F1004CCBF5 /* Frameworks */ = {
			isa = PBXFrameworksBuildPhase;
			buildActionMask = 2147483647;
			files = (
			);
			runOnlyForDeploymentPostprocessing = 0;
		};
/* End PBXFrameworksBuildPhase section */

/* Begin PBXGroup section */
		A901DB7627F1B6F1004CCBF5 = {
			isa = PBXGroup;
			children = (
				A901DB8227F1B6F1004CCBF5 /* main.cpp */,
				A901DB8127F1B6F1004CCBF5 /* lib */,
				A901DB8027F1B6F1004CCBF5 /* Products */,
			);
			sourceTree = "<group>";
		};
		A901DB8027F1B6F1004CCBF5 /* Products */ = {
			isa = PBXGroup;
			children = (
				A901DB7F27F1B6F1004CCBF5 /* Bitmapizer */,
			);
			name = Products;
			sourceTree = "<group>";
		};
		A901DB8127F1B6F1004CCBF5 /* lib */ = {
			isa = PBXGroup;
			children = (
				A901DB8C27F1B779004CCBF5 /* Bitmap */,
				A90F5F3827F328420096FCAA /* FileManager */,
				A910B88D280050B800A6EE72 /* functions.h */,
			);
			path = lib;
			sourceTree = "<group>";
		};
		A901DB8C27F1B779004CCBF5 /* Bitmap */ = {
			isa = PBXGroup;
			children = (
				A901DB8927F1B765004CCBF5 /* Bitmap.cpp */,
				A901DB8A27F1B765004CCBF5 /* Bitmap.hpp */,
			);
			path = Bitmap;
			sourceTree = "<group>";
		};
		A90F5F3827F328420096FCAA /* FileManager */ = {
			isa = PBXGroup;
			children = (
				A90F5F3527F3282F0096FCAA /* FileManager.cpp */,
				A90F5F3627F3282F0096FCAA /* FileManager.hpp */,
			);
			path = FileManager;
			sourceTree = "<group>";
		};
/* End PBXGroup section */

/* Begin PBXNativeTarget section */
		A901DB7E27F1B6F1004CCBF5 /* Bitmapizer */ = {
			isa = PBXNativeTarget;
			buildConfigurationList = A901DB8627F1B6F1004CCBF5 /* Build configuration list for PBXNativeTarget "Bitmapizer" */;
			buildPhases = (
				A901DB7B27F1B6F1004CCBF5 /* Sources */,
				A901DB7C27F1B6F1004CCBF5 /* Frameworks */,
				A901DB7D27F1B6F1004CCBF5 /* CopyFiles */,
			);
			buildRules = (
			);
			dependencies = (
			);
			name = Bitmapizer;
			productName = Bitmapizer;
			productReference = A901DB7F27F1B6F1004CCBF5 /* Bitmapizer */;
			productType = "com.apple.product-type.tool";
		};
/* End PBXNativeTarget section */

/* Begin PBXProject section */
		A901DB7727F1B6F1004CCBF5 /* Project object */ = {
			isa = PBXProject;
			attributes = {
				BuildIndependentTargetsInParallel = 1;
				LastUpgradeCheck = 1330;
				TargetAttributes = {
					A901DB7E27F1B6F1004CCBF5 = {
						CreatedOnToolsVersion = 13.3;
					};
				};
			};
			buildConfigurationList = A901DB7A27F1B6F1004CCBF5 /* Build configuration list for PBXProject "Bitmapizer" */;
			compatibilityVersion = "Xcode 13.0";
			developmentRegion = en;
			hasScannedForEncodings = 0;
			knownRegions = (
				en,
				Base,
			);
			mainGroup = A901DB7627F1B6F1004CCBF5;
			productRefGroup = A901DB8027F1B6F1004CCBF5 /* Products */;
			projectDirPath = "";
			projectRoot = "";
			targets = (
				A901DB7E27F1B6F1004CCBF5 /* Bitmapizer */,
			);
		};
/* End PBXProject section */

/* Begin PBXSourcesBuildPhase section */
		A901DB7B27F1B6F1004CCBF5 /* Sources */ = {
			isa = PBXSourcesBuildPhase;
			buildActionMask = 2147483647;
			files = (
				A90F5F3727F3282F0096FCAA /* FileManager.cpp in Sources */,
				A901DB8B27F1B765004CCBF5 /* Bitmap.cpp in Sources */,
				A901DB8327F1B6F1004CCBF5 /* main.cpp in Sources */,
			);
			runOnlyForDeploymentPostprocessing = 0;
		};
/* End PBXSourcesBuildPhase section */

/* Begin XCBuildConfiguration section */
		A901DB8427F1B6F1004CCBF5 /* Debug */ = {
			isa = XCBuildConfiguration;
			buildSettings = {
				ALWAYS_SEARCH_USER_PATHS = NO;
				CLANG_ANALYZER_NONNULL = YES;
				CLANG_ANALYZER_NUMBER_OBJECT_CONVERSION = YES_AGGRESSIVE;
				CLANG_CXX_LANGUAGE_STANDARD = "gnu++17";
				CLANG_ENABLE_MODULES = YES;
				CLANG_ENABLE_OBJC_ARC = YES;
				CLANG_ENABLE_OBJC_WEAK = YES;
				CLANG_WARN_BLOCK_CAPTURE_AUTORELEASING = YES;
				CLANG_WARN_BOOL_CONVERSION = YES;
				CLANG_WARN_COMMA = YES;
				CLANG_WARN_CONSTANT_CONVERSION = YES;
				CLANG_WARN_DEPRECATED_OBJC_IMPLEMENTATIONS = YES;
				CLANG_WARN_DIRECT_OBJC_ISA_USAGE = YES_ERROR;
				CLANG_WARN_DOCUMENTATION_COMMENTS = YES;
				CLANG_WARN_EMPTY_BODY = YES;
				CLANG_WARN_ENUM_CONVERSION = YES;
				CLANG_WARN_INFINITE_RECURSION = YES;
				CLANG_WARN_INT_CONVERSION = YES;
				CLANG_WARN_NON_LITERAL_NULL_CONVERSION = YES;
				CLANG_WARN_OBJC_IMPLICIT_RETAIN_SELF = YES;
				CLANG_WARN_OBJC_LITERAL_CONVERSION = YES;
				CLANG_WARN_OBJC_ROOT_CLASS = YES_ERROR;
				CLANG_WARN_QUOTED_INCLUDE_IN_FRAMEWORK_HEADER = YES;
				CLANG_WARN_RANGE_LOOP_ANALYSIS = YES;
				CLANG_WARN_STRICT_PROTOTYPES = YES;
				CLANG_WARN_SUSPICIOUS_MOVE = YES;
				CLANG_WARN_UNGUARDED_AVAILABILITY = YES_AGGRESSIVE;
				CLANG_WARN_UNREACHABLE_CODE = YES;
				CLANG_WARN__DUPLICATE_METHOD_MATCH = YES;
				COPY_PHASE_STRIP = NO;
				DEBUG_INFORMATION_FORMAT = dwarf;
				ENABLE_STRICT_OBJC_MSGSEND = YES;
				ENABLE_TESTABILITY = YES;
				GCC_C_LANGUAGE_STANDARD = gnu11;
				GCC_DYNAMIC_NO_PIC = NO;
				GCC_NO_COMMON_BLOCKS = YES;
				GCC_OPTIMIZATION_LEVEL = 0;
				GCC_PREPROCESSOR_DEFINITIONS = (
					"DEBUG=1",
					"$(inherited)",
				);
				GCC_WARN_64_TO_32_BIT_CONVERSION = YES;
				GCC_WARN_ABOUT_RETURN_TYPE = YES_ERROR;
				GCC_WARN_UNDECLARED_SELECTOR = YES;
				GCC_WARN_UNINITIALIZED_AUTOS = YES_AGGRESSIVE;
				GCC_WARN_UNUSED_FUNCTION = YES;
				GCC_WARN_UNUSED_VARIABLE = YES;
				MACOSX_DEPLOYMENT_TARGET = 12.2;
				MTL_ENABLE_DEBUG_INFO = INCLUDE_SOURCE;
				MTL_FAST_MATH = YES;
				ONLY_ACTIVE_ARCH = YES;
				SDKROOT = macosx;
			};
			name = Debug;
		};
		A901DB8527F1B6F1004CCBF5 /* Release */ = {
			isa = XCBuildConfiguration;
			buildSettings = {
				ALWAYS_SEARCH_USER_PATHS = NO;
				CLANG_ANALYZER_NONNULL = YES;
				CLANG_ANALYZER_NUMBER_OBJECT_CONVERSION = YES_AGGRESSIVE;
				CLANG_CXX_LANGUAGE_STANDARD = "gnu++17";
				CLANG_ENABLE_MODULES = YES;
				CLANG_ENABLE_OBJC_ARC = YES;
				CLANG_ENABLE_OBJC_WEAK = YES;
				CLANG_WARN_BLOCK_CAPTURE_AUTORELEASING = YES;
				CLANG_WARN_BOOL_CONVERSION = YES;
				CLANG_WARN_COMMA = YES;
				CLANG_WARN_CONSTANT_CONVERSION = YES;
				CLANG_WARN_DEPRECATED_OBJC_IMPLEMENTATIONS = YES;
				CLANG_WARN_DIRECT_OBJC_ISA_USAGE = YES_ERROR;
				CLANG_WARN_DOCUMENTATION_COMMENTS = YES;
				CLANG_WARN_EMPTY_BODY = YES;
				CLANG_WARN_ENUM_CONVERSION = YES;
				CLANG_WARN_INFINITE_RECURSION = YES;
				CLANG_WARN_INT_CONVERSION = YES;
				CLANG_WARN_NON_LITERAL_NULL_CONVERSION = YES;
				CLANG_WARN_OBJC_IMPLICIT_RETAIN_SELF = YES;
				CLANG_WARN_OBJC_LITERAL_CONVERSION = YES;
				CLANG_WARN_OBJC_ROOT_CLASS = YES_ERROR;
				CLANG_WARN_QUOTED_INCLUDE_IN_FRAMEWORK_HEADER = YES;
				CLANG_WARN_RANGE_LOOP_ANALYSIS = YES;
				CLANG_WARN_STRICT_PROTOTYPES = YES;
				CLANG_WARN_SUSPICIOUS_MOVE = YES;
				CLANG_WARN_UNGUARDED_AVAILABILITY = YES_AGGRESSIVE;
				CLANG_WARN_UNREACHABLE_CODE = YES;
				CLANG_WARN__DUPLICATE_METHOD_MATCH = YES;
				COPY_PHASE_STRIP = NO;
				DEBUG_INFORMATION_FORMAT = "dwarf-with-dsym";
				ENABLE_NS_ASSERTIONS = NO;
				ENABLE_STRICT_OBJC_MSGSEND = YES;
				GCC_C_LANGUAGE_STANDARD = gnu11;
				GCC_NO_COMMON_BLOCKS = YES;
				GCC_WARN_64_TO_32_BIT_CONVERSION = YES;
				GCC_WARN_ABOUT_RETURN_TYPE = YES_ERROR;
				GCC_WARN_UNDECLARED_SELECTOR = YES;
				GCC_WARN_UNINITIALIZED_AUTOS = YES_AGGRESSIVE;
				GCC_WARN_UNUSED_FUNCTION = YES;
				GCC_WARN_UNUSED_VARIABLE = YES;
				MACOSX_DEPLOYMENT_TARGET = 12.2;
				MTL_ENABLE_DEBUG_INFO = NO;
				MTL_FAST_MATH = YES;
				SDKROOT = macosx;
			};
			name = Release;
		};
		A901DB8727F1B6F1004CCBF5 /* Debug */ = {
			isa = XCBuildConfiguration;
			buildSettings = {
				CODE_SIGN_STYLE = Automatic;
				PRODUCT_NAME = "$(TARGET_NAME)";
			};
			name = Debug;
		};
		A901DB8827F1B6F1004CCBF5 /* Release */ = {
			isa = XCBuildConfiguration;
			buildSettings = {
				CODE_SIGN_STYLE = Automatic;
				PRODUCT_NAME = "$(TARGET_NAME)";
			};
			name = Release;
		};
/* End XCBuildConfiguration section */

/* Begin XCConfigurationList section */
		A901DB7A27F1B6F1004CCBF5 /* Build configuration list for PBXProject "Bitmapizer" */ = {
			isa = XCConfigurationList;
			buildConfigurations = (
				A901DB8427F1B6F1004CCBF5 /* Debug */,
				A901DB8527F1B6F1004CCBF5 /* Release */,
			);
			defaultConfigurationIsVisible = 0;
			defaultConfigurationName = Release;
		};
		A901DB8627F1B6F1004CCBF5 /* Build configuration list for PBXNativeTarget "Bitmapizer" */ = {
			isa = XCConfigurationList;
			buildConfigurations = (
				A901DB8727F1B6F1004CCBF5 /* Debug */,
				A901DB8827F1B6F1004CCBF5 /* Release */,
			);
			defaultConfigurationIsVisible = 0;
			defaultConfigurationName = Release;
		};
/* End XCConfigurationList section */
	};
	rootObject = A901DB7727F1B6F1004CCBF5 /* Project object */;
}
